{
    "version": 3,
    "terraform_version": "0.8.5",
    "serial": 1,
    "lineage": "138595f6-903d-4745-8bcb-09da8118580a",
    "modules": [
        {
            "path": [
                "root"
            ],
            "outputs": {
                "default_subnet_id": {
                    "sensitive": false,
                    "type": "string",
                    "value": "subnet-caa8af83"
                },
                "security_group_id": {
                    "sensitive": false,
                    "type": "string",
                    "value": "sg-0769057b"
                }
            },
            "resources": {
                "aws_internet_gateway.default": {
                    "type": "aws_internet_gateway",
                    "depends_on": [
                        "aws_vpc.default"
                    ],
                    "primary": {
                        "id": "igw-35aff752",
                        "attributes": {
                            "id": "igw-35aff752",
                            "tags.%": "2",
                            "tags.Name": "bosh-default",
                            "tags.component": "bosh-director",
                            "vpc_id": "vpc-447ee422"
                        },
                        "meta": {},
                        "tainted": false
                    },
                    "deposed": [],
                    "provider": ""
                },
                "aws_security_group.boshdefault": {
                    "type": "aws_security_group",
                    "depends_on": [
                        "aws_vpc.default"
                    ],
                    "primary": {
                        "id": "sg-0769057b",
                        "attributes": {
                            "description": "Default BOSH security group",
                            "egress.#": "1",
                            "egress.482069346.cidr_blocks.#": "1",
                            "egress.482069346.cidr_blocks.0": "0.0.0.0/0",
                            "egress.482069346.from_port": "0",
                            "egress.482069346.prefix_list_ids.#": "0",
                            "egress.482069346.protocol": "-1",
                            "egress.482069346.security_groups.#": "0",
                            "egress.482069346.self": "false",
                            "egress.482069346.to_port": "0",
                            "id": "sg-0769057b",
                            "ingress.#": "5",
                            "ingress.1551262714.cidr_blocks.#": "2",
                            "ingress.1551262714.cidr_blocks.0": "105.21.32.62/32",
                            "ingress.1551262714.cidr_blocks.1": "41.209.15.146/32",
                            "ingress.1551262714.from_port": "6868",
                            "ingress.1551262714.protocol": "tcp",
                            "ingress.1551262714.security_groups.#": "0",
                            "ingress.1551262714.self": "false",
                            "ingress.1551262714.to_port": "6868",
                            "ingress.2149380187.cidr_blocks.#": "2",
                            "ingress.2149380187.cidr_blocks.0": "105.21.32.62/32",
                            "ingress.2149380187.cidr_blocks.1": "41.209.15.146/32",
                            "ingress.2149380187.from_port": "25555",
                            "ingress.2149380187.protocol": "tcp",
                            "ingress.2149380187.security_groups.#": "0",
                            "ingress.2149380187.self": "false",
                            "ingress.2149380187.to_port": "25555",
                            "ingress.3472572478.cidr_blocks.#": "0",
                            "ingress.3472572478.from_port": "0",
                            "ingress.3472572478.protocol": "udp",
                            "ingress.3472572478.security_groups.#": "0",
                            "ingress.3472572478.self": "true",
                            "ingress.3472572478.to_port": "65535",
                            "ingress.3544538468.cidr_blocks.#": "0",
                            "ingress.3544538468.from_port": "0",
                            "ingress.3544538468.protocol": "tcp",
                            "ingress.3544538468.security_groups.#": "0",
                            "ingress.3544538468.self": "true",
                            "ingress.3544538468.to_port": "65535",
                            "ingress.927340189.cidr_blocks.#": "2",
                            "ingress.927340189.cidr_blocks.0": "105.21.32.62/32",
                            "ingress.927340189.cidr_blocks.1": "41.209.15.146/32",
                            "ingress.927340189.from_port": "22",
                            "ingress.927340189.protocol": "tcp",
                            "ingress.927340189.security_groups.#": "0",
                            "ingress.927340189.self": "false",
                            "ingress.927340189.to_port": "22",
                            "name": "boshdefault",
                            "owner_id": "730392384488",
                            "tags.%": "2",
                            "tags.Name": "bosh-default",
                            "tags.component": "bosh-director",
                            "vpc_id": "vpc-447ee422"
                        },
                        "meta": {},
                        "tainted": false
                    },
                    "deposed": [],
                    "provider": ""
                },
                "aws_subnet.default": {
                    "type": "aws_subnet",
                    "depends_on": [
                        "aws_vpc.default"
                    ],
                    "primary": {
                        "id": "subnet-caa8af83",
                        "attributes": {
                            "availability_zone": "us-east-1d",
                            "cidr_block": "10.0.0.0/24",
                            "id": "subnet-caa8af83",
                            "map_public_ip_on_launch": "true",
                            "tags.%": "2",
                            "tags.Name": "bosh-default",
                            "tags.component": "bosh-director",
                            "vpc_id": "vpc-447ee422"
                        },
                        "meta": {},
                        "tainted": false
                    },
                    "deposed": [],
                    "provider": ""
                },
                "aws_vpc.default": {
                    "type": "aws_vpc",
                    "depends_on": [],
                    "primary": {
                        "id": "vpc-447ee422",
                        "attributes": {
                            "cidr_block": "10.0.0.0/16",
                            "default_network_acl_id": "acl-6dcbe20b",
                            "default_route_table_id": "rtb-9108afe8",
                            "default_security_group_id": "sg-3369054f",
                            "dhcp_options_id": "dopt-c260b4a5",
                            "enable_classiclink": "false",
                            "enable_dns_hostnames": "false",
                            "enable_dns_support": "true",
                            "id": "vpc-447ee422",
                            "instance_tenancy": "default",
                            "main_route_table_id": "rtb-9108afe8",
                            "tags.%": "2",
                            "tags.Name": "bosh-default",
                            "tags.component": "bosh-director"
                        },
                        "meta": {},
                        "tainted": false
                    },
                    "deposed": [],
                    "provider": ""
                }
            },
            "depends_on": []
        }
    ]
}
